{
  "requires": true,
  "lockfileVersion": 1,
  "dependencies": {
    "walinns.manivasagam": {
      "version": "git+https://github.com/Walinns-Manivasagam/HybridSdkNew.git#51c548e760a6ab2d9694d916607bd188bc3f2a73",
      "from": "git+https://github.com/Walinns-Manivasagam/HybridSdkNew.git"
    }
  }
}
